
Microsoft Visual Studio Solution File, Format Version 12.00
# Visual Studio Version 16
VisualStudioVersion = 16.0.30611.23
MinimumVisualStudioVersion = 10.0.40219.1
Project("{FAE04EC0-301F-11D3-BF4B-00C04F79EFBC}") = "Oanea_George_Lab6", "Oanea_George_Lab6.csproj", "{108FE233-6401-43DC-8C8B-11729401E885}"
EndProject
Project("{FAE04EC0-301F-11D3-BF4B-00C04F79EFBC}") = "PhoneBookModel", "..\PhoneBookModel\PhoneBookModel.csproj", "{BF07BAC6-0DAF-4413-9A54-8AC0C90F06DE}"
EndProject
Global
	GlobalSection(SolutionConfigurationPlatforms) = preSolution
		Debug|Any CPU = Debug|Any CPU
		Release|Any CPU = Release|Any CPU
	EndGlobalSection
	GlobalSection(ProjectConfigurationPlatforms) = postSolution
		{108FE233-6401-43DC-8C8B-11729401E885}.Debug|Any CPU.ActiveCfg = Debug|Any CPU
		{108FE233-6401-43DC-8C8B-11729401E885}.Debug|Any CPU.Build.0 = Debug|Any CPU
		{108FE233-6401-43DC-8C8B-11729401E885}.Release|Any CPU.ActiveCfg = Release|Any CPU
		{108FE233-6401-43DC-8C8B-11729401E885}.Release|Any CPU.Build.0 = Release|Any CPU
		{BF07BAC6-0DAF-4413-9A54-8AC0C90F06DE}.Debug|Any CPU.ActiveCfg = Debug|Any CPU
		{BF07BAC6-0DAF-4413-9A54-8AC0C90F06DE}.Debug|Any CPU.Build.0 = Debug|Any CPU
		{BF07BAC6-0DAF-4413-9A54-8AC0C90F06DE}.Release|Any CPU.ActiveCfg = Release|Any CPU
		{BF07BAC6-0DAF-4413-9A54-8AC0C90F06DE}.Release|Any CPU.Build.0 = Release|Any CPU
	EndGlobalSection
	GlobalSection(SolutionProperties) = preSolution
		HideSolutionNode = FALSE
	EndGlobalSection
	GlobalSection(ExtensibilityGlobals) = postSolution
		SolutionGuid = {94088811-011D-404D-AF25-6E8FC5CB5B4B}
	EndGlobalSection
EndGlobal
